// !$*UTF8*$!
{
	archiveVersion = 1;
	classes = {
	};
	objectVersion = 46;
	objects = {

/* Begin PBXBuildFile section */
		0396050A16E2DBA7007A5542 /* NSView+RBLAlignmentAdditions.h in Headers */ = {isa = PBXBuildFile; fileRef = 0396050816E2DBA7007A5542 /* NSView+RBLAlignmentAdditions.h */; settings = {ATTRIBUTES = (Public, ); }; };
		0396050B16E2DBA7007A5542 /* NSView+RBLAlignmentAdditions.m in Sources */ = {isa = PBXBuildFile; fileRef = 0396050916E2DBA7007A5542 /* NSView+RBLAlignmentAdditions.m */; };
		03ECBD9816FD2E6800DA27D0 /* NSView+RBLAlignmentAdditionsSpec.m in Sources */ = {isa = PBXBuildFile; fileRef = 03ECBD9716FD2E6800DA27D0 /* NSView+RBLAlignmentAdditionsSpec.m */; };
		301569981602161400E3BE46 /* QuartzCore.framework in Frameworks */ = {isa = PBXBuildFile; fileRef = 306A81EC1601F44200BF45F3 /* QuartzCore.framework */; };
		30309E8D17228C1700BC2923 /* RBLTableView.h in Headers */ = {isa = PBXBuildFile; fileRef = 30309E8B17228C1700BC2923 /* RBLTableView.h */; settings = {ATTRIBUTES = (Public, ); }; };
		30309E8E17228C1700BC2923 /* RBLTableView.m in Sources */ = {isa = PBXBuildFile; fileRef = 30309E8C17228C1700BC2923 /* RBLTableView.m */; };
		303DEF4416D2B88700BD65C4 /* RBLShadowedTextFieldCell.h in Headers */ = {isa = PBXBuildFile; fileRef = 303DEF4216D2B88700BD65C4 /* RBLShadowedTextFieldCell.h */; settings = {ATTRIBUTES = (Public, ); }; };
		303DEF4516D2B88700BD65C4 /* RBLShadowedTextFieldCell.m in Sources */ = {isa = PBXBuildFile; fileRef = 303DEF4316D2B88700BD65C4 /* RBLShadowedTextFieldCell.m */; };
		306A81DB1601C7A300BF45F3 /* RBLPopover.h in Headers */ = {isa = PBXBuildFile; fileRef = 306A81D91601C7A300BF45F3 /* RBLPopover.h */; settings = {ATTRIBUTES = (Public, ); }; };
		306A81DC1601C7A300BF45F3 /* RBLPopover.m in Sources */ = {isa = PBXBuildFile; fileRef = 306A81DA1601C7A300BF45F3 /* RBLPopover.m */; };
		306A81E81601E92000BF45F3 /* CAAnimation+RBLBlockAdditions.h in Headers */ = {isa = PBXBuildFile; fileRef = 306A81E61601E92000BF45F3 /* CAAnimation+RBLBlockAdditions.h */; settings = {ATTRIBUTES = (Public, ); }; };
		306A81E91601E92000BF45F3 /* CAAnimation+RBLBlockAdditions.m in Sources */ = {isa = PBXBuildFile; fileRef = 306A81E71601E92000BF45F3 /* CAAnimation+RBLBlockAdditions.m */; };
		306A81EB1601EAE700BF45F3 /* CAAnimation+RBLBlockAdditionsSpec.m in Sources */ = {isa = PBXBuildFile; fileRef = 306A81EA1601EAE700BF45F3 /* CAAnimation+RBLBlockAdditionsSpec.m */; };
		88347E6A16F213C500872A0A /* RBLHTMLView.h in Headers */ = {isa = PBXBuildFile; fileRef = 88347E6816F213C500872A0A /* RBLHTMLView.h */; settings = {ATTRIBUTES = (Public, ); }; };
		88347E6B16F213C500872A0A /* RBLHTMLView.m in Sources */ = {isa = PBXBuildFile; fileRef = 88347E6916F213C500872A0A /* RBLHTMLView.m */; };
		88347E7316F2145900872A0A /* WebKit.framework in Frameworks */ = {isa = PBXBuildFile; fileRef = 88347E7216F2145900872A0A /* WebKit.framework */; };
		884675FF16F2574200016B56 /* RBLHTMLViewSpec.m in Sources */ = {isa = PBXBuildFile; fileRef = 884675FE16F2574200016B56 /* RBLHTMLViewSpec.m */; };
		AB10DB4D166EA9CA00AB7AB1 /* RBLScrollView.h in Headers */ = {isa = PBXBuildFile; fileRef = AB10DB4B166EA9CA00AB7AB1 /* RBLScrollView.h */; settings = {ATTRIBUTES = (Public, ); }; };
		AB10DB4E166EA9CA00AB7AB1 /* RBLScrollView.m in Sources */ = {isa = PBXBuildFile; fileRef = AB10DB4C166EA9CA00AB7AB1 /* RBLScrollView.m */; };
		AB10DB53166EADD000AB7AB1 /* RBLScrollViewSpec.m in Sources */ = {isa = PBXBuildFile; fileRef = AB10DB52166EADD000AB7AB1 /* RBLScrollViewSpec.m */; };
		AB61F63616373FE000DD5D2C /* RBLTableCellView.h in Headers */ = {isa = PBXBuildFile; fileRef = AB61F63416373FE000DD5D2C /* RBLTableCellView.h */; settings = {ATTRIBUTES = (Public, ); }; };
		AB61F63716373FE000DD5D2C /* RBLTableCellView.m in Sources */ = {isa = PBXBuildFile; fileRef = AB61F63516373FE000DD5D2C /* RBLTableCellView.m */; };
		AB61F6D41638370900DD5D2C /* NSApplication+RBLBlockAdditions.h in Headers */ = {isa = PBXBuildFile; fileRef = AB61F6D21638370900DD5D2C /* NSApplication+RBLBlockAdditions.h */; settings = {ATTRIBUTES = (Public, ); }; };
		AB61F6D51638370900DD5D2C /* NSApplication+RBLBlockAdditions.m in Sources */ = {isa = PBXBuildFile; fileRef = AB61F6D31638370900DD5D2C /* NSApplication+RBLBlockAdditions.m */; };
		B85EE8ED163EE15800265870 /* NSObject+RBObjectSizzlingAdditions.h in Headers */ = {isa = PBXBuildFile; fileRef = B85EE8EB163EE15800265870 /* NSObject+RBObjectSizzlingAdditions.h */; };
		B85EE8EE163EE15800265870 /* NSObject+RBObjectSizzlingAdditions.m in Sources */ = {isa = PBXBuildFile; fileRef = B85EE8EC163EE15800265870 /* NSObject+RBObjectSizzlingAdditions.m */; };
		D011FD5E16239A8600A27946 /* NSImage+RBLResizableImageAdditions.h in Headers */ = {isa = PBXBuildFile; fileRef = D011FD5C16239A8600A27946 /* NSImage+RBLResizableImageAdditions.h */; settings = {ATTRIBUTES = (Public, ); }; };
		D011FD5F16239A8600A27946 /* NSImage+RBLResizableImageAdditions.m in Sources */ = {isa = PBXBuildFile; fileRef = D011FD5D16239A8600A27946 /* NSImage+RBLResizableImageAdditions.m */; };
		D03D67181677E13F0041DDF2 /* NSAttributedString+RBLHTMLAdditions.h in Headers */ = {isa = PBXBuildFile; fileRef = D03D67161677E13F0041DDF2 /* NSAttributedString+RBLHTMLAdditions.h */; settings = {ATTRIBUTES = (Public, ); }; };
		D03D67191677E13F0041DDF2 /* NSAttributedString+RBLHTMLAdditions.m in Sources */ = {isa = PBXBuildFile; fileRef = D03D67171677E13F0041DDF2 /* NSAttributedString+RBLHTMLAdditions.m */; };
		D03D671B1677E2950041DDF2 /* NSAttributedString+RBLHTMLAdditionsSpec.m in Sources */ = {isa = PBXBuildFile; fileRef = D03D671A1677E2950041DDF2 /* NSAttributedString+RBLHTMLAdditionsSpec.m */; };
		D0410EAC15C61895003A3203 /* NSTextView+RBLAntialiasingAdditions.m in Sources */ = {isa = PBXBuildFile; fileRef = D0410EAA15C61895003A3203 /* NSTextView+RBLAntialiasingAdditions.m */; };
		D04CBFC815F6D87B004A5BCC /* NSView+RBLAnimationAdditions.h in Headers */ = {isa = PBXBuildFile; fileRef = D04CBFC615F6D87B004A5BCC /* NSView+RBLAnimationAdditions.h */; settings = {ATTRIBUTES = (Public, ); }; };
		D04CBFC915F6D87B004A5BCC /* NSView+RBLAnimationAdditions.m in Sources */ = {isa = PBXBuildFile; fileRef = D04CBFC715F6D87B004A5BCC /* NSView+RBLAnimationAdditions.m */; };
		D0723FC215C5FA13004DBDC7 /* Rebel.h in Headers */ = {isa = PBXBuildFile; fileRef = D09AE4EF15C5F45200ECAD10 /* Rebel.h */; settings = {ATTRIBUTES = (Public, ); }; };
		D0723FC615C5FB68004DBDC7 /* NSColor+RBLCGColorAdditions.h in Headers */ = {isa = PBXBuildFile; fileRef = D0723FC415C5FB68004DBDC7 /* NSColor+RBLCGColorAdditions.h */; settings = {ATTRIBUTES = (Public, ); }; };
		D0723FC715C5FB68004DBDC7 /* NSColor+RBLCGColorAdditions.m in Sources */ = {isa = PBXBuildFile; fileRef = D0723FC515C5FB68004DBDC7 /* NSColor+RBLCGColorAdditions.m */; settings = {COMPILER_FLAGS = "-fno-objc-arc"; }; };
		D0723FDC15C60846004DBDC7 /* NSColor+RBLCGColorAdditionsSpec.m in Sources */ = {isa = PBXBuildFile; fileRef = D0723FDB15C60846004DBDC7 /* NSColor+RBLCGColorAdditionsSpec.m */; };
		D0723FE315C616AF004DBDC7 /* RBLResizableImage.h in Headers */ = {isa = PBXBuildFile; fileRef = D0723FE115C616AF004DBDC7 /* RBLResizableImage.h */; settings = {ATTRIBUTES = (Public, ); }; };
		D0723FE415C616AF004DBDC7 /* RBLResizableImage.m in Sources */ = {isa = PBXBuildFile; fileRef = D0723FE215C616AF004DBDC7 /* RBLResizableImage.m */; };
		D078B7DE15F6DB420063DDD5 /* NSView+RBLAnimationAdditionsSpec.m in Sources */ = {isa = PBXBuildFile; fileRef = D078B7DD15F6DB420063DDD5 /* NSView+RBLAnimationAdditionsSpec.m */; };
		D07CD30719FF589C006C2D24 /* Quick.framework in Frameworks */ = {isa = PBXBuildFile; fileRef = D07CD30619FF589C006C2D24 /* Quick.framework */; };
		D07CD30919FF58BA006C2D24 /* Nimble.framework in Frameworks */ = {isa = PBXBuildFile; fileRef = D07CD30819FF58BA006C2D24 /* Nimble.framework */; };
		D088BEF916747D8F004B2665 /* NSFont+RBLFallbackAdditions.h in Headers */ = {isa = PBXBuildFile; fileRef = D088BEF716747D8F004B2665 /* NSFont+RBLFallbackAdditions.h */; settings = {ATTRIBUTES = (Public, ); }; };
		D088BEFA16747D8F004B2665 /* NSFont+RBLFallbackAdditions.m in Sources */ = {isa = PBXBuildFile; fileRef = D088BEF816747D8F004B2665 /* NSFont+RBLFallbackAdditions.m */; };
		D088BEFC16747EE1004B2665 /* NSFont+RBLFallbackAdditionsSpec.m in Sources */ = {isa = PBXBuildFile; fileRef = D088BEFB16747EE1004B2665 /* NSFont+RBLFallbackAdditionsSpec.m */; };
		D09AE4E315C5F45200ECAD10 /* Cocoa.framework in Frameworks */ = {isa = PBXBuildFile; fileRef = D09AE4E215C5F45200ECAD10 /* Cocoa.framework */; };
		D09AE4FA15C5F45300ECAD10 /* Cocoa.framework in Frameworks */ = {isa = PBXBuildFile; fileRef = D09AE4E215C5F45200ECAD10 /* Cocoa.framework */; };
		D09AE4FD15C5F45300ECAD10 /* Rebel.framework in Frameworks */ = {isa = PBXBuildFile; fileRef = D09AE4DF15C5F45200ECAD10 /* Rebel.framework */; };
		D0E91C581603CC7600D23E93 /* RBLClipView.h in Headers */ = {isa = PBXBuildFile; fileRef = D0E91C561603CC7600D23E93 /* RBLClipView.h */; settings = {ATTRIBUTES = (Public, ); }; };
		D0E91C591603CC7600D23E93 /* RBLClipView.m in Sources */ = {isa = PBXBuildFile; fileRef = D0E91C571603CC7600D23E93 /* RBLClipView.m */; };
		D0E91C5B1603CDC300D23E93 /* QuartzCore.framework in Frameworks */ = {isa = PBXBuildFile; fileRef = D0E91C5A1603CDC300D23E93 /* QuartzCore.framework */; };
		D419E3B7193392AD00F77217 /* RBLOutlineView.h in Headers */ = {isa = PBXBuildFile; fileRef = D419E3B5193392AD00F77217 /* RBLOutlineView.h */; settings = {ATTRIBUTES = (Public, ); }; };
		D419E3B8193392AD00F77217 /* RBLOutlineView.m in Sources */ = {isa = PBXBuildFile; fileRef = D419E3B6193392AD00F77217 /* RBLOutlineView.m */; };
		D4559AE81934C2910051A6BE /* RBLScrolling.h in Headers */ = {isa = PBXBuildFile; fileRef = D4559AE61934C2910051A6BE /* RBLScrolling.h */; };
		D4559AE91934C2910051A6BE /* RBLScrolling.m in Sources */ = {isa = PBXBuildFile; fileRef = D4559AE71934C2910051A6BE /* RBLScrolling.m */; };
		F63D7C78171D31010006515F /* RBLResizableImageSpec.m in Sources */ = {isa = PBXBuildFile; fileRef = F63D7C77171D31010006515F /* RBLResizableImageSpec.m */; };
		F63D7C7C171D3CCB0006515F /* <RBLResizableImageSpec>_testimage@2x.png in Resources */ = {isa = PBXBuildFile; fileRef = F63D7C79171D3CCB0006515F /* <RBLResizableImageSpec>_testimage@2x.png */; };
		F63D7C7D171D3CCB0006515F /* <RBLResizableImageSpec>_testimage.png in Resources */ = {isa = PBXBuildFile; fileRef = F63D7C7A171D3CCB0006515F /* <RBLResizableImageSpec>_testimage.png */; };
		F63D7C7E171D3CCB0006515F /* <RBLCGColorAdditionsSpec>_testimage.jpg in Resources */ = {isa = PBXBuildFile; fileRef = F63D7C7B171D3CCB0006515F /* <RBLCGColorAdditionsSpec>_testimage.jpg */; };
		F64F8DEA1797E1F400082A3F /* RBLSlidingContainerView.h in Headers */ = {isa = PBXBuildFile; fileRef = F64F8DE81797E1F400082A3F /* RBLSlidingContainerView.h */; settings = {ATTRIBUTES = (Public, ); }; };
		F64F8DEB1797E1F400082A3F /* RBLSlidingContainerView.m in Sources */ = {isa = PBXBuildFile; fileRef = F64F8DE91797E1F400082A3F /* RBLSlidingContainerView.m */; };
		F6A562C01797DC5A00B651C0 /* RBLExpandingContainerView.h in Headers */ = {isa = PBXBuildFile; fileRef = F6A562BE1797DC5A00B651C0 /* RBLExpandingContainerView.h */; settings = {ATTRIBUTES = (Public, ); }; };
		F6A562C11797DC5A00B651C0 /* RBLExpandingContainerView.m in Sources */ = {isa = PBXBuildFile; fileRef = F6A562BF1797DC5A00B651C0 /* RBLExpandingContainerView.m */; };
/* End PBXBuildFile section */

/* Begin PBXContainerItemProxy section */
		D09AE4FB15C5F45300ECAD10 /* PBXContainerItemProxy */ = {
			isa = PBXContainerItemProxy;
			containerPortal = D09AE4D515C5F45200ECAD10 /* Project object */;
			proxyType = 1;
			remoteGlobalIDString = D09AE4DE15C5F45200ECAD10;
			remoteInfo = Rebel;
		};
/* End PBXContainerItemProxy section */

/* Begin PBXFileReference section */
		0396050816E2DBA7007A5542 /* NSView+RBLAlignmentAdditions.h */ = {isa = PBXFileReference; fileEncoding = 4; lastKnownFileType = sourcecode.c.h; path = "NSView+RBLAlignmentAdditions.h"; sourceTree = "<group>"; };
		0396050916E2DBA7007A5542 /* NSView+RBLAlignmentAdditions.m */ = {isa = PBXFileReference; fileEncoding = 4; lastKnownFileType = sourcecode.c.objc; path = "NSView+RBLAlignmentAdditions.m"; sourceTree = "<group>"; };
		03ECBD9716FD2E6800DA27D0 /* NSView+RBLAlignmentAdditionsSpec.m */ = {isa = PBXFileReference; fileEncoding = 4; lastKnownFileType = sourcecode.c.objc; path = "NSView+RBLAlignmentAdditionsSpec.m"; sourceTree = "<group>"; };
		30309E8B17228C1700BC2923 /* RBLTableView.h */ = {isa = PBXFileReference; fileEncoding = 4; lastKnownFileType = sourcecode.c.h; path = RBLTableView.h; sourceTree = "<group>"; };
		30309E8C17228C1700BC2923 /* RBLTableView.m */ = {isa = PBXFileReference; fileEncoding = 4; lastKnownFileType = sourcecode.c.objc; path = RBLTableView.m; sourceTree = "<group>"; };
		303DEF4216D2B88700BD65C4 /* RBLShadowedTextFieldCell.h */ = {isa = PBXFileReference; fileEncoding = 4; lastKnownFileType = sourcecode.c.h; path = RBLShadowedTextFieldCell.h; sourceTree = "<group>"; };
		303DEF4316D2B88700BD65C4 /* RBLShadowedTextFieldCell.m */ = {isa = PBXFileReference; fileEncoding = 4; lastKnownFileType = sourcecode.c.objc; path = RBLShadowedTextFieldCell.m; sourceTree = "<group>"; };
		306A81D91601C7A300BF45F3 /* RBLPopover.h */ = {isa = PBXFileReference; fileEncoding = 4; lastKnownFileType = sourcecode.c.h; path = RBLPopover.h; sourceTree = "<group>"; };
		306A81DA1601C7A300BF45F3 /* RBLPopover.m */ = {isa = PBXFileReference; fileEncoding = 4; lastKnownFileType = sourcecode.c.objc; path = RBLPopover.m; sourceTree = "<group>"; };
		306A81E61601E92000BF45F3 /* CAAnimation+RBLBlockAdditions.h */ = {isa = PBXFileReference; fileEncoding = 4; lastKnownFileType = sourcecode.c.h; path = "CAAnimation+RBLBlockAdditions.h"; sourceTree = "<group>"; };
		306A81E71601E92000BF45F3 /* CAAnimation+RBLBlockAdditions.m */ = {isa = PBXFileReference; fileEncoding = 4; lastKnownFileType = sourcecode.c.objc; path = "CAAnimation+RBLBlockAdditions.m"; sourceTree = "<group>"; };
		306A81EA1601EAE700BF45F3 /* CAAnimation+RBLBlockAdditionsSpec.m */ = {isa = PBXFileReference; fileEncoding = 4; lastKnownFileType = sourcecode.c.objc; path = "CAAnimation+RBLBlockAdditionsSpec.m"; sourceTree = "<group>"; };
		306A81EC1601F44200BF45F3 /* QuartzCore.framework */ = {isa = PBXFileReference; lastKnownFileType = wrapper.framework; name = QuartzCore.framework; path = System/Library/Frameworks/QuartzCore.framework; sourceTree = SDKROOT; };
		88347E6816F213C500872A0A /* RBLHTMLView.h */ = {isa = PBXFileReference; fileEncoding = 4; lastKnownFileType = sourcecode.c.h; path = RBLHTMLView.h; sourceTree = "<group>"; };
		88347E6916F213C500872A0A /* RBLHTMLView.m */ = {isa = PBXFileReference; fileEncoding = 4; lastKnownFileType = sourcecode.c.objc; path = RBLHTMLView.m; sourceTree = "<group>"; };
		88347E7216F2145900872A0A /* WebKit.framework */ = {isa = PBXFileReference; lastKnownFileType = wrapper.framework; name = WebKit.framework; path = System/Library/Frameworks/WebKit.framework; sourceTree = SDKROOT; };
		884675FE16F2574200016B56 /* RBLHTMLViewSpec.m */ = {isa = PBXFileReference; fileEncoding = 4; lastKnownFileType = sourcecode.c.objc; path = RBLHTMLViewSpec.m; sourceTree = "<group>"; };
		AB10DB4B166EA9CA00AB7AB1 /* RBLScrollView.h */ = {isa = PBXFileReference; fileEncoding = 4; lastKnownFileType = sourcecode.c.h; path = RBLScrollView.h; sourceTree = "<group>"; };
		AB10DB4C166EA9CA00AB7AB1 /* RBLScrollView.m */ = {isa = PBXFileReference; fileEncoding = 4; lastKnownFileType = sourcecode.c.objc; path = RBLScrollView.m; sourceTree = "<group>"; };
		AB10DB52166EADD000AB7AB1 /* RBLScrollViewSpec.m */ = {isa = PBXFileReference; fileEncoding = 4; lastKnownFileType = sourcecode.c.objc; path = RBLScrollViewSpec.m; sourceTree = "<group>"; };
		AB61F63416373FE000DD5D2C /* RBLTableCellView.h */ = {isa = PBXFileReference; fileEncoding = 4; lastKnownFileType = sourcecode.c.h; path = RBLTableCellView.h; sourceTree = "<group>"; };
		AB61F63516373FE000DD5D2C /* RBLTableCellView.m */ = {isa = PBXFileReference; fileEncoding = 4; lastKnownFileType = sourcecode.c.objc; path = RBLTableCellView.m; sourceTree = "<group>"; };
		AB61F6D21638370900DD5D2C /* NSApplication+RBLBlockAdditions.h */ = {isa = PBXFileReference; fileEncoding = 4; lastKnownFileType = sourcecode.c.h; path = "NSApplication+RBLBlockAdditions.h"; sourceTree = "<group>"; };
		AB61F6D31638370900DD5D2C /* NSApplication+RBLBlockAdditions.m */ = {isa = PBXFileReference; fileEncoding = 4; lastKnownFileType = sourcecode.c.objc; path = "NSApplication+RBLBlockAdditions.m"; sourceTree = "<group>"; };
		B85EE8EB163EE15800265870 /* NSObject+RBObjectSizzlingAdditions.h */ = {isa = PBXFileReference; fileEncoding = 4; lastKnownFileType = sourcecode.c.h; path = "NSObject+RBObjectSizzlingAdditions.h"; sourceTree = "<group>"; };
		B85EE8EC163EE15800265870 /* NSObject+RBObjectSizzlingAdditions.m */ = {isa = PBXFileReference; fileEncoding = 4; lastKnownFileType = sourcecode.c.objc; path = "NSObject+RBObjectSizzlingAdditions.m"; sourceTree = "<group>"; };
		D011FD5C16239A8600A27946 /* NSImage+RBLResizableImageAdditions.h */ = {isa = PBXFileReference; fileEncoding = 4; lastKnownFileType = sourcecode.c.h; path = "NSImage+RBLResizableImageAdditions.h"; sourceTree = "<group>"; };
		D011FD5D16239A8600A27946 /* NSImage+RBLResizableImageAdditions.m */ = {isa = PBXFileReference; fileEncoding = 4; lastKnownFileType = sourcecode.c.objc; path = "NSImage+RBLResizableImageAdditions.m"; sourceTree = "<group>"; };
		D03D67161677E13F0041DDF2 /* NSAttributedString+RBLHTMLAdditions.h */ = {isa = PBXFileReference; fileEncoding = 4; lastKnownFileType = sourcecode.c.h; path = "NSAttributedString+RBLHTMLAdditions.h"; sourceTree = "<group>"; };
		D03D67171677E13F0041DDF2 /* NSAttributedString+RBLHTMLAdditions.m */ = {isa = PBXFileReference; fileEncoding = 4; lastKnownFileType = sourcecode.c.objc; path = "NSAttributedString+RBLHTMLAdditions.m"; sourceTree = "<group>"; };
		D03D671A1677E2950041DDF2 /* NSAttributedString+RBLHTMLAdditionsSpec.m */ = {isa = PBXFileReference; fileEncoding = 4; lastKnownFileType = sourcecode.c.objc; path = "NSAttributedString+RBLHTMLAdditionsSpec.m"; sourceTree = "<group>"; };
		D0410EA915C61895003A3203 /* NSTextView+RBLAntialiasingAdditions.h */ = {isa = PBXFileReference; fileEncoding = 4; lastKnownFileType = sourcecode.c.h; path = "NSTextView+RBLAntialiasingAdditions.h"; sourceTree = "<group>"; };
		D0410EAA15C61895003A3203 /* NSTextView+RBLAntialiasingAdditions.m */ = {isa = PBXFileReference; fileEncoding = 4; lastKnownFileType = sourcecode.c.objc; path = "NSTextView+RBLAntialiasingAdditions.m"; sourceTree = "<group>"; };
		D04CBFC615F6D87B004A5BCC /* NSView+RBLAnimationAdditions.h */ = {isa = PBXFileReference; fileEncoding = 4; lastKnownFileType = sourcecode.c.h; path = "NSView+RBLAnimationAdditions.h"; sourceTree = "<group>"; };
		D04CBFC715F6D87B004A5BCC /* NSView+RBLAnimationAdditions.m */ = {isa = PBXFileReference; fileEncoding = 4; lastKnownFileType = sourcecode.c.objc; path = "NSView+RBLAnimationAdditions.m"; sourceTree = "<group>"; };
		D0723FC415C5FB68004DBDC7 /* NSColor+RBLCGColorAdditions.h */ = {isa = PBXFileReference; fileEncoding = 4; lastKnownFileType = sourcecode.c.h; path = "NSColor+RBLCGColorAdditions.h"; sourceTree = "<group>"; };
		D0723FC515C5FB68004DBDC7 /* NSColor+RBLCGColorAdditions.m */ = {isa = PBXFileReference; fileEncoding = 4; lastKnownFileType = sourcecode.c.objc; path = "NSColor+RBLCGColorAdditions.m"; sourceTree = "<group>"; };
		D0723FDB15C60846004DBDC7 /* NSColor+RBLCGColorAdditionsSpec.m */ = {isa = PBXFileReference; fileEncoding = 4; lastKnownFileType = sourcecode.c.objc; path = "NSColor+RBLCGColorAdditionsSpec.m"; sourceTree = "<group>"; };
		D0723FE115C616AF004DBDC7 /* RBLResizableImage.h */ = {isa = PBXFileReference; fileEncoding = 4; lastKnownFileType = sourcecode.c.h; path = RBLResizableImage.h; sourceTree = "<group>"; };
		D0723FE215C616AF004DBDC7 /* RBLResizableImage.m */ = {isa = PBXFileReference; fileEncoding = 4; lastKnownFileType = sourcecode.c.objc; path = RBLResizableImage.m; sourceTree = "<group>"; };
		D078B7DD15F6DB420063DDD5 /* NSView+RBLAnimationAdditionsSpec.m */ = {isa = PBXFileReference; fileEncoding = 4; lastKnownFileType = sourcecode.c.objc; path = "NSView+RBLAnimationAdditionsSpec.m"; sourceTree = "<group>"; };
		D07CD30619FF589C006C2D24 /* Quick.framework */ = {isa = PBXFileReference; lastKnownFileType = wrapper.framework; path = Quick.framework; sourceTree = BUILT_PRODUCTS_DIR; };
		D07CD30819FF58BA006C2D24 /* Nimble.framework */ = {isa = PBXFileReference; lastKnownFileType = wrapper.framework; path = Nimble.framework; sourceTree = BUILT_PRODUCTS_DIR; };
		D088BEF716747D8F004B2665 /* NSFont+RBLFallbackAdditions.h */ = {isa = PBXFileReference; fileEncoding = 4; lastKnownFileType = sourcecode.c.h; path = "NSFont+RBLFallbackAdditions.h"; sourceTree = "<group>"; };
		D088BEF816747D8F004B2665 /* NSFont+RBLFallbackAdditions.m */ = {isa = PBXFileReference; fileEncoding = 4; lastKnownFileType = sourcecode.c.objc; path = "NSFont+RBLFallbackAdditions.m"; sourceTree = "<group>"; };
		D088BEFB16747EE1004B2665 /* NSFont+RBLFallbackAdditionsSpec.m */ = {isa = PBXFileReference; fileEncoding = 4; lastKnownFileType = sourcecode.c.objc; path = "NSFont+RBLFallbackAdditionsSpec.m"; sourceTree = "<group>"; };
		D08BB2DB15CB307200CC9868 /* Common.xcconfig */ = {isa = PBXFileReference; lastKnownFileType = text.xcconfig; path = Common.xcconfig; sourceTree = "<group>"; };
		D08BB2DD15CB307200CC9868 /* Debug.xcconfig */ = {isa = PBXFileReference; lastKnownFileType = text.xcconfig; path = Debug.xcconfig; sourceTree = "<group>"; };
		D08BB2DE15CB307200CC9868 /* Profile.xcconfig */ = {isa = PBXFileReference; lastKnownFileType = text.xcconfig; path = Profile.xcconfig; sourceTree = "<group>"; };
		D08BB2DF15CB307200CC9868 /* Release.xcconfig */ = {isa = PBXFileReference; lastKnownFileType = text.xcconfig; path = Release.xcconfig; sourceTree = "<group>"; };
		D08BB2E115CB307200CC9868 /* Application.xcconfig */ = {isa = PBXFileReference; lastKnownFileType = text.xcconfig; path = Application.xcconfig; sourceTree = "<group>"; };
		D08BB2E215CB307200CC9868 /* StaticLibrary.xcconfig */ = {isa = PBXFileReference; lastKnownFileType = text.xcconfig; path = StaticLibrary.xcconfig; sourceTree = "<group>"; };
		D08BB2E415CB307200CC9868 /* iOS-Application.xcconfig */ = {isa = PBXFileReference; lastKnownFileType = text.xcconfig; path = "iOS-Application.xcconfig"; sourceTree = "<group>"; };
		D08BB2E515CB307200CC9868 /* iOS-Base.xcconfig */ = {isa = PBXFileReference; lastKnownFileType = text.xcconfig; path = "iOS-Base.xcconfig"; sourceTree = "<group>"; };
		D08BB2E615CB307200CC9868 /* iOS-StaticLibrary.xcconfig */ = {isa = PBXFileReference; lastKnownFileType = text.xcconfig; path = "iOS-StaticLibrary.xcconfig"; sourceTree = "<group>"; };
		D08BB2E815CB307200CC9868 /* Mac-Application.xcconfig */ = {isa = PBXFileReference; lastKnownFileType = text.xcconfig; path = "Mac-Application.xcconfig"; sourceTree = "<group>"; };
		D08BB2E915CB307200CC9868 /* Mac-Base.xcconfig */ = {isa = PBXFileReference; lastKnownFileType = text.xcconfig; path = "Mac-Base.xcconfig"; sourceTree = "<group>"; };
		D08BB2EA15CB307200CC9868 /* Mac-DynamicLibrary.xcconfig */ = {isa = PBXFileReference; lastKnownFileType = text.xcconfig; path = "Mac-DynamicLibrary.xcconfig"; sourceTree = "<group>"; };
		D08BB2EB15CB307200CC9868 /* Mac-Framework.xcconfig */ = {isa = PBXFileReference; lastKnownFileType = text.xcconfig; path = "Mac-Framework.xcconfig"; sourceTree = "<group>"; };
		D08BB2EC15CB307200CC9868 /* Mac-StaticLibrary.xcconfig */ = {isa = PBXFileReference; lastKnownFileType = text.xcconfig; path = "Mac-StaticLibrary.xcconfig"; sourceTree = "<group>"; };
		D08BB2ED15CB307200CC9868 /* README.md */ = {isa = PBXFileReference; lastKnownFileType = text; path = README.md; sourceTree = "<group>"; };
		D09AE4DF15C5F45200ECAD10 /* Rebel.framework */ = {isa = PBXFileReference; explicitFileType = wrapper.framework; includeInIndex = 0; path = Rebel.framework; sourceTree = BUILT_PRODUCTS_DIR; };
		D09AE4E215C5F45200ECAD10 /* Cocoa.framework */ = {isa = PBXFileReference; lastKnownFileType = wrapper.framework; name = Cocoa.framework; path = System/Library/Frameworks/Cocoa.framework; sourceTree = SDKROOT; };
		D09AE4E515C5F45200ECAD10 /* AppKit.framework */ = {isa = PBXFileReference; lastKnownFileType = wrapper.framework; name = AppKit.framework; path = System/Library/Frameworks/AppKit.framework; sourceTree = SDKROOT; };
		D09AE4E615C5F45200ECAD10 /* CoreData.framework */ = {isa = PBXFileReference; lastKnownFileType = wrapper.framework; name = CoreData.framework; path = System/Library/Frameworks/CoreData.framework; sourceTree = SDKROOT; };
		D09AE4E715C5F45200ECAD10 /* Foundation.framework */ = {isa = PBXFileReference; lastKnownFileType = wrapper.framework; name = Foundation.framework; path = System/Library/Frameworks/Foundation.framework; sourceTree = SDKROOT; };
		D09AE4EA15C5F45200ECAD10 /* Rebel-Info.plist */ = {isa = PBXFileReference; lastKnownFileType = text.plist.xml; path = "Rebel-Info.plist"; sourceTree = "<group>"; };
		D09AE4EF15C5F45200ECAD10 /* Rebel.h */ = {isa = PBXFileReference; lastKnownFileType = sourcecode.c.h; path = Rebel.h; sourceTree = "<group>"; };
		D09AE4F715C5F45300ECAD10 /* RebelTests.xctest */ = {isa = PBXFileReference; explicitFileType = wrapper.cfbundle; includeInIndex = 0; path = RebelTests.xctest; sourceTree = BUILT_PRODUCTS_DIR; };
		D09AE50015C5F45300ECAD10 /* RebelTests-Info.plist */ = {isa = PBXFileReference; lastKnownFileType = text.plist.xml; path = "RebelTests-Info.plist"; sourceTree = "<group>"; };
		D0E91C561603CC7600D23E93 /* RBLClipView.h */ = {isa = PBXFileReference; fileEncoding = 4; lastKnownFileType = sourcecode.c.h; path = RBLClipView.h; sourceTree = "<group>"; };
		D0E91C571603CC7600D23E93 /* RBLClipView.m */ = {isa = PBXFileReference; fileEncoding = 4; lastKnownFileType = sourcecode.c.objc; path = RBLClipView.m; sourceTree = "<group>"; };
		D0E91C5A1603CDC300D23E93 /* QuartzCore.framework */ = {isa = PBXFileReference; lastKnownFileType = wrapper.framework; name = QuartzCore.framework; path = System/Library/Frameworks/QuartzCore.framework; sourceTree = SDKROOT; };
		D419E3B5193392AD00F77217 /* RBLOutlineView.h */ = {isa = PBXFileReference; fileEncoding = 4; lastKnownFileType = sourcecode.c.h; path = RBLOutlineView.h; sourceTree = "<group>"; };
		D419E3B6193392AD00F77217 /* RBLOutlineView.m */ = {isa = PBXFileReference; fileEncoding = 4; lastKnownFileType = sourcecode.c.objc; path = RBLOutlineView.m; sourceTree = "<group>"; };
		D4559AE61934C2910051A6BE /* RBLScrolling.h */ = {isa = PBXFileReference; fileEncoding = 4; lastKnownFileType = sourcecode.c.h; path = RBLScrolling.h; sourceTree = "<group>"; };
		D4559AE71934C2910051A6BE /* RBLScrolling.m */ = {isa = PBXFileReference; fileEncoding = 4; lastKnownFileType = sourcecode.c.objc; path = RBLScrolling.m; sourceTree = "<group>"; };
		F63D7C77171D31010006515F /* RBLResizableImageSpec.m */ = {isa = PBXFileReference; fileEncoding = 4; lastKnownFileType = sourcecode.c.objc; path = RBLResizableImageSpec.m; sourceTree = "<group>"; };
		F63D7C79171D3CCB0006515F /* <RBLResizableImageSpec>_testimage@2x.png */ = {isa = PBXFileReference; lastKnownFileType = image.png; path = "<RBLResizableImageSpec>_testimage@2x.png"; sourceTree = "<group>"; };
		F63D7C7A171D3CCB0006515F /* <RBLResizableImageSpec>_testimage.png */ = {isa = PBXFileReference; lastKnownFileType = image.png; path = "<RBLResizableImageSpec>_testimage.png"; sourceTree = "<group>"; };
		F63D7C7B171D3CCB0006515F /* <RBLCGColorAdditionsSpec>_testimage.jpg */ = {isa = PBXFileReference; lastKnownFileType = image.jpeg; path = "<RBLCGColorAdditionsSpec>_testimage.jpg"; sourceTree = "<group>"; };
		F64F8DE81797E1F400082A3F /* RBLSlidingContainerView.h */ = {isa = PBXFileReference; fileEncoding = 4; lastKnownFileType = sourcecode.c.h; path = RBLSlidingContainerView.h; sourceTree = "<group>"; };
		F64F8DE91797E1F400082A3F /* RBLSlidingContainerView.m */ = {isa = PBXFileReference; fileEncoding = 4; lastKnownFileType = sourcecode.c.objc; path = RBLSlidingContainerView.m; sourceTree = "<group>"; };
		F6A562BE1797DC5A00B651C0 /* RBLExpandingContainerView.h */ = {isa = PBXFileReference; fileEncoding = 4; lastKnownFileType = sourcecode.c.h; path = RBLExpandingContainerView.h; sourceTree = "<group>"; };
		F6A562BF1797DC5A00B651C0 /* RBLExpandingContainerView.m */ = {isa = PBXFileReference; fileEncoding = 4; lastKnownFileType = sourcecode.c.objc; path = RBLExpandingContainerView.m; sourceTree = "<group>"; };
/* End PBXFileReference section */

/* Begin PBXFrameworksBuildPhase section */
		D09AE4DB15C5F45200ECAD10 /* Frameworks */ = {
			isa = PBXFrameworksBuildPhase;
			buildActionMask = 2147483647;
			files = (
				D0E91C5B1603CDC300D23E93 /* QuartzCore.framework in Frameworks */,
				D09AE4E315C5F45200ECAD10 /* Cocoa.framework in Frameworks */,
				88347E7316F2145900872A0A /* WebKit.framework in Frameworks */,
			);
			runOnlyForDeploymentPostprocessing = 0;
		};
		D09AE4F315C5F45300ECAD10 /* Frameworks */ = {
			isa = PBXFrameworksBuildPhase;
			buildActionMask = 2147483647;
			files = (
				D07CD30919FF58BA006C2D24 /* Nimble.framework in Frameworks */,
				D07CD30719FF589C006C2D24 /* Quick.framework in Frameworks */,
				301569981602161400E3BE46 /* QuartzCore.framework in Frameworks */,
				D09AE4FA15C5F45300ECAD10 /* Cocoa.framework in Frameworks */,
				D09AE4FD15C5F45300ECAD10 /* Rebel.framework in Frameworks */,
			);
			runOnlyForDeploymentPostprocessing = 0;
		};
/* End PBXFrameworksBuildPhase section */

/* Begin PBXGroup section */
		D0723FBD15C5F9CD004DBDC7 /* Classes */ = {
			isa = PBXGroup;
			children = (
				F64F8DE81797E1F400082A3F /* RBLSlidingContainerView.h */,
				F64F8DE91797E1F400082A3F /* RBLSlidingContainerView.m */,
				F6A562BE1797DC5A00B651C0 /* RBLExpandingContainerView.h */,
				F6A562BF1797DC5A00B651C0 /* RBLExpandingContainerView.m */,
				D0E91C561603CC7600D23E93 /* RBLClipView.h */,
				D0E91C571603CC7600D23E93 /* RBLClipView.m */,
				D0723FE115C616AF004DBDC7 /* RBLResizableImage.h */,
				D0723FE215C616AF004DBDC7 /* RBLResizableImage.m */,
				306A81D91601C7A300BF45F3 /* RBLPopover.h */,
				306A81DA1601C7A300BF45F3 /* RBLPopover.m */,
				AB61F63416373FE000DD5D2C /* RBLTableCellView.h */,
				AB61F63516373FE000DD5D2C /* RBLTableCellView.m */,
				AB10DB4B166EA9CA00AB7AB1 /* RBLScrollView.h */,
				AB10DB4C166EA9CA00AB7AB1 /* RBLScrollView.m */,
				303DEF4216D2B88700BD65C4 /* RBLShadowedTextFieldCell.h */,
				303DEF4316D2B88700BD65C4 /* RBLShadowedTextFieldCell.m */,
				88347E6816F213C500872A0A /* RBLHTMLView.h */,
				88347E6916F213C500872A0A /* RBLHTMLView.m */,
				30309E8B17228C1700BC2923 /* RBLTableView.h */,
				30309E8C17228C1700BC2923 /* RBLTableView.m */,
				D419E3B5193392AD00F77217 /* RBLOutlineView.h */,
				D419E3B6193392AD00F77217 /* RBLOutlineView.m */,
				D4559AE61934C2910051A6BE /* RBLScrolling.h */,
				D4559AE71934C2910051A6BE /* RBLScrolling.m */,
			);
			name = Classes;
			sourceTree = "<group>";
		};
		D0723FC315C5FB54004DBDC7 /* Extensions */ = {
			isa = PBXGroup;
			children = (
				306A81E61601E92000BF45F3 /* CAAnimation+RBLBlockAdditions.h */,
				306A81E71601E92000BF45F3 /* CAAnimation+RBLBlockAdditions.m */,
				AB61F6D21638370900DD5D2C /* NSApplication+RBLBlockAdditions.h */,
				AB61F6D31638370900DD5D2C /* NSApplication+RBLBlockAdditions.m */,
				D03D67161677E13F0041DDF2 /* NSAttributedString+RBLHTMLAdditions.h */,
				D03D67171677E13F0041DDF2 /* NSAttributedString+RBLHTMLAdditions.m */,
				D0723FC415C5FB68004DBDC7 /* NSColor+RBLCGColorAdditions.h */,
				D0723FC515C5FB68004DBDC7 /* NSColor+RBLCGColorAdditions.m */,
				D088BEF716747D8F004B2665 /* NSFont+RBLFallbackAdditions.h */,
				D088BEF816747D8F004B2665 /* NSFont+RBLFallbackAdditions.m */,
				D011FD5C16239A8600A27946 /* NSImage+RBLResizableImageAdditions.h */,
				D011FD5D16239A8600A27946 /* NSImage+RBLResizableImageAdditions.m */,
				D0410EA915C61895003A3203 /* NSTextView+RBLAntialiasingAdditions.h */,
				D0410EAA15C61895003A3203 /* NSTextView+RBLAntialiasingAdditions.m */,
				D04CBFC615F6D87B004A5BCC /* NSView+RBLAnimationAdditions.h */,
				D04CBFC715F6D87B004A5BCC /* NSView+RBLAnimationAdditions.m */,
				B85EE8EB163EE15800265870 /* NSObject+RBObjectSizzlingAdditions.h */,
				B85EE8EC163EE15800265870 /* NSObject+RBObjectSizzlingAdditions.m */,
				0396050816E2DBA7007A5542 /* NSView+RBLAlignmentAdditions.h */,
				0396050916E2DBA7007A5542 /* NSView+RBLAlignmentAdditions.m */,
			);
			name = Extensions;
			sourceTree = "<group>";
		};
		D0723FDA15C60815004DBDC7 /* Classes */ = {
			isa = PBXGroup;
			children = (
				306A81EA1601EAE700BF45F3 /* CAAnimation+RBLBlockAdditionsSpec.m */,
				D03D671A1677E2950041DDF2 /* NSAttributedString+RBLHTMLAdditionsSpec.m */,
				D0723FDB15C60846004DBDC7 /* NSColor+RBLCGColorAdditionsSpec.m */,
				D088BEFB16747EE1004B2665 /* NSFont+RBLFallbackAdditionsSpec.m */,
				03ECBD9716FD2E6800DA27D0 /* NSView+RBLAlignmentAdditionsSpec.m */,
				D078B7DD15F6DB420063DDD5 /* NSView+RBLAnimationAdditionsSpec.m */,
				884675FE16F2574200016B56 /* RBLHTMLViewSpec.m */,
				F63D7C77171D31010006515F /* RBLResizableImageSpec.m */,
				AB10DB52166EADD000AB7AB1 /* RBLScrollViewSpec.m */,
			);
			name = Classes;
			sourceTree = "<group>";
		};
		D08BB2D915CB307200CC9868 /* Configuration */ = {
			isa = PBXGroup;
			children = (
				D08BB2DA15CB307200CC9868 /* Base */,
				D08BB2E315CB307200CC9868 /* iOS */,
				D08BB2E715CB307200CC9868 /* Mac OS X */,
				D08BB2ED15CB307200CC9868 /* README.md */,
			);
			name = Configuration;
			path = External/xcconfigs;
			sourceTree = "<group>";
		};
		D08BB2DA15CB307200CC9868 /* Base */ = {
			isa = PBXGroup;
			children = (
				D08BB2DB15CB307200CC9868 /* Common.xcconfig */,
				D08BB2DC15CB307200CC9868 /* Configurations */,
				D08BB2E015CB307200CC9868 /* Targets */,
			);
			path = Base;
			sourceTree = "<group>";
		};
		D08BB2DC15CB307200CC9868 /* Configurations */ = {
			isa = PBXGroup;
			children = (
				D08BB2DD15CB307200CC9868 /* Debug.xcconfig */,
				D08BB2DE15CB307200CC9868 /* Profile.xcconfig */,
				D08BB2DF15CB307200CC9868 /* Release.xcconfig */,
			);
			path = Configurations;
			sourceTree = "<group>";
		};
		D08BB2E015CB307200CC9868 /* Targets */ = {
			isa = PBXGroup;
			children = (
				D08BB2E115CB307200CC9868 /* Application.xcconfig */,
				D08BB2E215CB307200CC9868 /* StaticLibrary.xcconfig */,
			);
			path = Targets;
			sourceTree = "<group>";
		};
		D08BB2E315CB307200CC9868 /* iOS */ = {
			isa = PBXGroup;
			children = (
				D08BB2E415CB307200CC9868 /* iOS-Application.xcconfig */,
				D08BB2E515CB307200CC9868 /* iOS-Base.xcconfig */,
				D08BB2E615CB307200CC9868 /* iOS-StaticLibrary.xcconfig */,
			);
			path = iOS;
			sourceTree = "<group>";
		};
		D08BB2E715CB307200CC9868 /* Mac OS X */ = {
			isa = PBXGroup;
			children = (
				D08BB2E815CB307200CC9868 /* Mac-Application.xcconfig */,
				D08BB2E915CB307200CC9868 /* Mac-Base.xcconfig */,
				D08BB2EA15CB307200CC9868 /* Mac-DynamicLibrary.xcconfig */,
				D08BB2EB15CB307200CC9868 /* Mac-Framework.xcconfig */,
				D08BB2EC15CB307200CC9868 /* Mac-StaticLibrary.xcconfig */,
			);
			path = "Mac OS X";
			sourceTree = "<group>";
		};
		D09AE4D315C5F45200ECAD10 = {
			isa = PBXGroup;
			children = (
				D09AE4E815C5F45200ECAD10 /* Rebel */,
				D09AE4FE15C5F45300ECAD10 /* RebelTests */,
				D09AE4E115C5F45200ECAD10 /* Frameworks */,
				D08BB2D915CB307200CC9868 /* Configuration */,
				D09AE4E015C5F45200ECAD10 /* Products */,
			);
			sourceTree = "<group>";
			usesTabs = 1;
		};
		D09AE4E015C5F45200ECAD10 /* Products */ = {
			isa = PBXGroup;
			children = (
				D09AE4DF15C5F45200ECAD10 /* Rebel.framework */,
				D09AE4F715C5F45300ECAD10 /* RebelTests.xctest */,
			);
			name = Products;
			sourceTree = "<group>";
		};
		D09AE4E115C5F45200ECAD10 /* Frameworks */ = {
			isa = PBXGroup;
			children = (
				D07CD30819FF58BA006C2D24 /* Nimble.framework */,
				D07CD30619FF589C006C2D24 /* Quick.framework */,
				306A81EC1601F44200BF45F3 /* QuartzCore.framework */,
				D09AE4E215C5F45200ECAD10 /* Cocoa.framework */,
				D0E91C5A1603CDC300D23E93 /* QuartzCore.framework */,
				88347E7216F2145900872A0A /* WebKit.framework */,
				D09AE4E415C5F45200ECAD10 /* Other Frameworks */,
			);
			name = Frameworks;
			sourceTree = "<group>";
		};
		D09AE4E415C5F45200ECAD10 /* Other Frameworks */ = {
			isa = PBXGroup;
			children = (
				D09AE4E515C5F45200ECAD10 /* AppKit.framework */,
				D09AE4E615C5F45200ECAD10 /* CoreData.framework */,
				D09AE4E715C5F45200ECAD10 /* Foundation.framework */,
			);
			name = "Other Frameworks";
			sourceTree = "<group>";
		};
		D09AE4E815C5F45200ECAD10 /* Rebel */ = {
			isa = PBXGroup;
			children = (
				D09AE4EF15C5F45200ECAD10 /* Rebel.h */,
				D0723FBD15C5F9CD004DBDC7 /* Classes */,
				D0723FC315C5FB54004DBDC7 /* Extensions */,
				D09AE4E915C5F45200ECAD10 /* Supporting Files */,
			);
			path = Rebel;
			sourceTree = "<group>";
		};
		D09AE4E915C5F45200ECAD10 /* Supporting Files */ = {
			isa = PBXGroup;
			children = (
				D09AE4EA15C5F45200ECAD10 /* Rebel-Info.plist */,
			);
			name = "Supporting Files";
			sourceTree = "<group>";
		};
		D09AE4FE15C5F45300ECAD10 /* RebelTests */ = {
			isa = PBXGroup;
			children = (
				F63D7C6D171D2F840006515F /* Test Images */,
				D0723FDA15C60815004DBDC7 /* Classes */,
				D09AE4FF15C5F45300ECAD10 /* Supporting Files */,
			);
			path = RebelTests;
			sourceTree = "<group>";
		};
		D09AE4FF15C5F45300ECAD10 /* Supporting Files */ = {
			isa = PBXGroup;
			children = (
				D09AE50015C5F45300ECAD10 /* RebelTests-Info.plist */,
			);
			name = "Supporting Files";
			sourceTree = "<group>";
		};
		F63D7C6D171D2F840006515F /* Test Images */ = {
			isa = PBXGroup;
			children = (
				F63D7C7A171D3CCB0006515F /* <RBLResizableImageSpec>_testimage.png */,
				F63D7C79171D3CCB0006515F /* <RBLResizableImageSpec>_testimage@2x.png */,
				F63D7C7B171D3CCB0006515F /* <RBLCGColorAdditionsSpec>_testimage.jpg */,
			);
			name = "Test Images";
			sourceTree = "<group>";
		};
/* End PBXGroup section */

/* Begin PBXHeadersBuildPhase section */
		D09AE4DC15C5F45200ECAD10 /* Headers */ = {
			isa = PBXHeadersBuildPhase;
			buildActionMask = 2147483647;
			files = (
				D0723FC215C5FA13004DBDC7 /* Rebel.h in Headers */,
				D0723FC615C5FB68004DBDC7 /* NSColor+RBLCGColorAdditions.h in Headers */,
				D0723FE315C616AF004DBDC7 /* RBLResizableImage.h in Headers */,
				D04CBFC815F6D87B004A5BCC /* NSView+RBLAnimationAdditions.h in Headers */,
				306A81E81601E92000BF45F3 /* CAAnimation+RBLBlockAdditions.h in Headers */,
				306A81DB1601C7A300BF45F3 /* RBLPopover.h in Headers */,
				D0E91C581603CC7600D23E93 /* RBLClipView.h in Headers */,
				D011FD5E16239A8600A27946 /* NSImage+RBLResizableImageAdditions.h in Headers */,
				AB61F63616373FE000DD5D2C /* RBLTableCellView.h in Headers */,
				F64F8DEA1797E1F400082A3F /* RBLSlidingContainerView.h in Headers */,
				F6A562C01797DC5A00B651C0 /* RBLExpandingContainerView.h in Headers */,
				D4559AE81934C2910051A6BE /* RBLScrolling.h in Headers */,
				B85EE8ED163EE15800265870 /* NSObject+RBObjectSizzlingAdditions.h in Headers */,
				AB61F6D41638370900DD5D2C /* NSApplication+RBLBlockAdditions.h in Headers */,
				88347E6A16F213C500872A0A /* RBLHTMLView.h in Headers */,
				D419E3B7193392AD00F77217 /* RBLOutlineView.h in Headers */,
				AB10DB4D166EA9CA00AB7AB1 /* RBLScrollView.h in Headers */,
				30309E8D17228C1700BC2923 /* RBLTableView.h in Headers */,
				303DEF4416D2B88700BD65C4 /* RBLShadowedTextFieldCell.h in Headers */,
				D088BEF916747D8F004B2665 /* NSFont+RBLFallbackAdditions.h in Headers */,
				D03D67181677E13F0041DDF2 /* NSAttributedString+RBLHTMLAdditions.h in Headers */,
				0396050A16E2DBA7007A5542 /* NSView+RBLAlignmentAdditions.h in Headers */,
			);
			runOnlyForDeploymentPostprocessing = 0;
		};
/* End PBXHeadersBuildPhase section */

/* Begin PBXNativeTarget section */
		D09AE4DE15C5F45200ECAD10 /* Rebel */ = {
			isa = PBXNativeTarget;
			buildConfigurationList = D09AE50915C5F45300ECAD10 /* Build configuration list for PBXNativeTarget "Rebel" */;
			buildPhases = (
				D09AE4DA15C5F45200ECAD10 /* Sources */,
				D09AE4DB15C5F45200ECAD10 /* Frameworks */,
				D09AE4DC15C5F45200ECAD10 /* Headers */,
				D09AE4DD15C5F45200ECAD10 /* Resources */,
			);
			buildRules = (
			);
			dependencies = (
			);
			name = Rebel;
			productName = Rebel;
			productReference = D09AE4DF15C5F45200ECAD10 /* Rebel.framework */;
			productType = "com.apple.product-type.framework";
		};
		D09AE4F615C5F45300ECAD10 /* RebelTests */ = {
			isa = PBXNativeTarget;
			buildConfigurationList = D09AE50C15C5F45300ECAD10 /* Build configuration list for PBXNativeTarget "RebelTests" */;
			buildPhases = (
				D09AE4F215C5F45300ECAD10 /* Sources */,
				D09AE4F315C5F45300ECAD10 /* Frameworks */,
				D09AE4F415C5F45300ECAD10 /* Resources */,
			);
			buildRules = (
			);
			dependencies = (
				D09AE4FC15C5F45300ECAD10 /* PBXTargetDependency */,
			);
			name = RebelTests;
			productName = RebelTests;
			productReference = D09AE4F715C5F45300ECAD10 /* RebelTests.xctest */;
			productType = "com.apple.product-type.bundle.unit-test";
		};
/* End PBXNativeTarget section */

/* Begin PBXProject section */
		D09AE4D515C5F45200ECAD10 /* Project object */ = {
			isa = PBXProject;
			attributes = {
				LastTestingUpgradeCheck = 0510;
				LastUpgradeCheck = 0510;
				ORGANIZATIONNAME = GitHub;
			};
			buildConfigurationList = D09AE4D815C5F45200ECAD10 /* Build configuration list for PBXProject "Rebel" */;
			compatibilityVersion = "Xcode 3.2";
			developmentRegion = English;
			hasScannedForEncodings = 0;
			knownRegions = (
				en,
			);
			mainGroup = D09AE4D315C5F45200ECAD10;
			productRefGroup = D09AE4E015C5F45200ECAD10 /* Products */;
			projectDirPath = "";
			projectRoot = "";
			targets = (
				D09AE4DE15C5F45200ECAD10 /* Rebel */,
				D09AE4F615C5F45300ECAD10 /* RebelTests */,
			);
		};
/* End PBXProject section */

/* Begin PBXResourcesBuildPhase section */
		D09AE4DD15C5F45200ECAD10 /* Resources */ = {
			isa = PBXResourcesBuildPhase;
			buildActionMask = 2147483647;
			files = (
			);
			runOnlyForDeploymentPostprocessing = 0;
		};
		D09AE4F415C5F45300ECAD10 /* Resources */ = {
			isa = PBXResourcesBuildPhase;
			buildActionMask = 2147483647;
			files = (
				F63D7C7C171D3CCB0006515F /* <RBLResizableImageSpec>_testimage@2x.png in Resources */,
				F63D7C7D171D3CCB0006515F /* <RBLResizableImageSpec>_testimage.png in Resources */,
				F63D7C7E171D3CCB0006515F /* <RBLCGColorAdditionsSpec>_testimage.jpg in Resources */,
			);
			runOnlyForDeploymentPostprocessing = 0;
		};
/* End PBXResourcesBuildPhase section */

/* Begin PBXSourcesBuildPhase section */
		D09AE4DA15C5F45200ECAD10 /* Sources */ = {
			isa = PBXSourcesBuildPhase;
			buildActionMask = 2147483647;
			files = (
				D0723FC715C5FB68004DBDC7 /* NSColor+RBLCGColorAdditions.m in Sources */,
				D0723FE415C616AF004DBDC7 /* RBLResizableImage.m in Sources */,
				D0410EAC15C61895003A3203 /* NSTextView+RBLAntialiasingAdditions.m in Sources */,
				D04CBFC915F6D87B004A5BCC /* NSView+RBLAnimationAdditions.m in Sources */,
				306A81DC1601C7A300BF45F3 /* RBLPopover.m in Sources */,
				D419E3B8193392AD00F77217 /* RBLOutlineView.m in Sources */,
				306A81E91601E92000BF45F3 /* CAAnimation+RBLBlockAdditions.m in Sources */,
				D0E91C591603CC7600D23E93 /* RBLClipView.m in Sources */,
				D011FD5F16239A8600A27946 /* NSImage+RBLResizableImageAdditions.m in Sources */,
				AB61F63716373FE000DD5D2C /* RBLTableCellView.m in Sources */,
				F64F8DEB1797E1F400082A3F /* RBLSlidingContainerView.m in Sources */,
				D4559AE91934C2910051A6BE /* RBLScrolling.m in Sources */,
				B85EE8EE163EE15800265870 /* NSObject+RBObjectSizzlingAdditions.m in Sources */,
				AB61F6D51638370900DD5D2C /* NSApplication+RBLBlockAdditions.m in Sources */,
				AB10DB4E166EA9CA00AB7AB1 /* RBLScrollView.m in Sources */,
				D088BEFA16747D8F004B2665 /* NSFont+RBLFallbackAdditions.m in Sources */,
				D03D67191677E13F0041DDF2 /* NSAttributedString+RBLHTMLAdditions.m in Sources */,
				303DEF4516D2B88700BD65C4 /* RBLShadowedTextFieldCell.m in Sources */,
				F6A562C11797DC5A00B651C0 /* RBLExpandingContainerView.m in Sources */,
				0396050B16E2DBA7007A5542 /* NSView+RBLAlignmentAdditions.m in Sources */,
				88347E6B16F213C500872A0A /* RBLHTMLView.m in Sources */,
				30309E8E17228C1700BC2923 /* RBLTableView.m in Sources */,
			);
			runOnlyForDeploymentPostprocessing = 0;
		};
		D09AE4F215C5F45300ECAD10 /* Sources */ = {
			isa = PBXSourcesBuildPhase;
			buildActionMask = 2147483647;
			files = (
				D0723FDC15C60846004DBDC7 /* NSColor+RBLCGColorAdditionsSpec.m in Sources */,
				D078B7DE15F6DB420063DDD5 /* NSView+RBLAnimationAdditionsSpec.m in Sources */,
				306A81EB1601EAE700BF45F3 /* CAAnimation+RBLBlockAdditionsSpec.m in Sources */,
				AB10DB53166EADD000AB7AB1 /* RBLScrollViewSpec.m in Sources */,
				D088BEFC16747EE1004B2665 /* NSFont+RBLFallbackAdditionsSpec.m in Sources */,
				D03D671B1677E2950041DDF2 /* NSAttributedString+RBLHTMLAdditionsSpec.m in Sources */,
				03ECBD9816FD2E6800DA27D0 /* NSView+RBLAlignmentAdditionsSpec.m in Sources */,
				884675FF16F2574200016B56 /* RBLHTMLViewSpec.m in Sources */,
				F63D7C78171D31010006515F /* RBLResizableImageSpec.m in Sources */,
			);
			runOnlyForDeploymentPostprocessing = 0;
		};
/* End PBXSourcesBuildPhase section */

/* Begin PBXTargetDependency section */
		D09AE4FC15C5F45300ECAD10 /* PBXTargetDependency */ = {
			isa = PBXTargetDependency;
			target = D09AE4DE15C5F45200ECAD10 /* Rebel */;
			targetProxy = D09AE4FB15C5F45300ECAD10 /* PBXContainerItemProxy */;
		};
/* End PBXTargetDependency section */

/* Begin XCBuildConfiguration section */
		D04844AD15C5F68400834EDE /* Profile */ = {
			isa = XCBuildConfiguration;
			baseConfigurationReference = D08BB2DE15CB307200CC9868 /* Profile.xcconfig */;
			buildSettings = {
				MACOSX_DEPLOYMENT_TARGET = 10.8;
			};
			name = Profile;
		};
		D04844AE15C5F68400834EDE /* Profile */ = {
			isa = XCBuildConfiguration;
			baseConfigurationReference = D08BB2EB15CB307200CC9868 /* Mac-Framework.xcconfig */;
			buildSettings = {
				DYLIB_COMPATIBILITY_VERSION = 1;
				DYLIB_CURRENT_VERSION = 1;
				FRAMEWORK_VERSION = A;
				INFOPLIST_FILE = "Rebel/Rebel-Info.plist";
				WRAPPER_EXTENSION = framework;
			};
			name = Profile;
		};
		D04844AF15C5F68400834EDE /* Profile */ = {
			isa = XCBuildConfiguration;
			baseConfigurationReference = D08BB2E815CB307200CC9868 /* Mac-Application.xcconfig */;
			buildSettings = {
				FRAMEWORK_SEARCH_PATHS = (
					"\"$(DEVELOPER_LIBRARY_DIR)/Frameworks\"",
					"$(inherited)",
				);
				INFOPLIST_FILE = "RebelTests/RebelTests-Info.plist";
				PRODUCT_NAME = "$(TARGET_NAME)";
			};
			name = Profile;
		};
		D09AE50715C5F45300ECAD10 /* Debug */ = {
			isa = XCBuildConfiguration;
			baseConfigurationReference = D08BB2DD15CB307200CC9868 /* Debug.xcconfig */;
			buildSettings = {
				MACOSX_DEPLOYMENT_TARGET = 10.8;
			};
			name = Debug;
		};
		D09AE50815C5F45300ECAD10 /* Release */ = {
			isa = XCBuildConfiguration;
			baseConfigurationReference = D08BB2DF15CB307200CC9868 /* Release.xcconfig */;
			buildSettings = {
				MACOSX_DEPLOYMENT_TARGET = 10.8;
			};
			name = Release;
		};
		D09AE50A15C5F45300ECAD10 /* Debug */ = {
			isa = XCBuildConfiguration;
			baseConfigurationReference = D08BB2EB15CB307200CC9868 /* Mac-Framework.xcconfig */;
			buildSettings = {
				DYLIB_COMPATIBILITY_VERSION = 1;
				DYLIB_CURRENT_VERSION = 1;
				FRAMEWORK_VERSION = A;
				INFOPLIST_FILE = "Rebel/Rebel-Info.plist";
				WRAPPER_EXTENSION = framework;
			};
			name = Debug;
		};
		D09AE50B15C5F45300ECAD10 /* Release */ = {
			isa = XCBuildConfiguration;
			baseConfigurationReference = D08BB2EB15CB307200CC9868 /* Mac-Framework.xcconfig */;
			buildSettings = {
				DYLIB_COMPATIBILITY_VERSION = 1;
				DYLIB_CURRENT_VERSION = 1;
				FRAMEWORK_VERSION = A;
				INFOPLIST_FILE = "Rebel/Rebel-Info.plist";
				WRAPPER_EXTENSION = framework;
			};
			name = Release;
		};
		D09AE50D15C5F45300ECAD10 /* Debug */ = {
			isa = XCBuildConfiguration;
			baseConfigurationReference = D08BB2E815CB307200CC9868 /* Mac-Application.xcconfig */;
			buildSettings = {
				FRAMEWORK_SEARCH_PATHS = (
					"\"$(DEVELOPER_LIBRARY_DIR)/Frameworks\"",
					"$(inherited)",
				);
				INFOPLIST_FILE = "RebelTests/RebelTests-Info.plist";
				PRODUCT_NAME = "$(TARGET_NAME)";
			};
			name = Debug;
		};
		D09AE50E15C5F45300ECAD10 /* Release */ = {
			isa = XCBuildConfiguration;
			baseConfigurationReference = D08BB2E815CB307200CC9868 /* Mac-Application.xcconfig */;
			buildSettings = {
				FRAMEWORK_SEARCH_PATHS = (
					"\"$(DEVELOPER_LIBRARY_DIR)/Frameworks\"",
					"$(inherited)",
				);
				INFOPLIST_FILE = "RebelTests/RebelTests-Info.plist";
				PRODUCT_NAME = "$(TARGET_NAME)";
			};
			name = Release;
		};
/* End XCBuildConfiguration section */

/* Begin XCConfigurationList section */
		D09AE4D815C5F45200ECAD10 /* Build configuration list for PBXProject "Rebel" */ = {
			isa = XCConfigurationList;
			buildConfigurations = (
				D09AE50715C5F45300ECAD10 /* Debug */,
				D09AE50815C5F45300ECAD10 /* Release */,
				D04844AD15C5F68400834EDE /* Profile */,
			);
			defaultConfigurationIsVisible = 0;
			defaultConfigurationName = Release;
		};
		D09AE50915C5F45300ECAD10 /* Build configuration list for PBXNativeTarget "Rebel" */ = {
			isa = XCConfigurationList;
			buildConfigurations = (
				D09AE50A15C5F45300ECAD10 /* Debug */,
				D09AE50B15C5F45300ECAD10 /* Release */,
				D04844AE15C5F68400834EDE /* Profile */,
			);
			defaultConfigurationIsVisible = 0;
			defaultConfigurationName = Release;
		};
		D09AE50C15C5F45300ECAD10 /* Build configuration list for PBXNativeTarget "RebelTests" */ = {
			isa = XCConfigurationList;
			buildConfigurations = (
				D09AE50D15C5F45300ECAD10 /* Debug */,
				D09AE50E15C5F45300ECAD10 /* Release */,
				D04844AF15C5F68400834EDE /* Profile */,
			);
			defaultConfigurationIsVisible = 0;
			defaultConfigurationName = Release;
		};
/* End XCConfigurationList section */
	};
	rootObject = D09AE4D515C5F45200ECAD10 /* Project object */;
}
